// !$*UTF8*$!
{
	archiveVersion = 1;
	classes = {
	};
	objectVersion = 50;
	objects = {

/* Begin PBXBuildFile section */
		6A486E3E3500E3AE4A6F1C7A /* Pods_TodoManager.framework in Frameworks */ = {isa = PBXBuildFile; fileRef = 996BDF39D035A00D7780E971 /* Pods_TodoManager.framework */; };
		DAC8153125CD06D5005B9B49 /* TodoManagerApp.swift in Sources */ = {isa = PBXBuildFile; fileRef = DAC8153025CD06D5005B9B49 /* TodoManagerApp.swift */; };
		DAC8153325CD06D5005B9B49 /* TaskListView.swift in Sources */ = {isa = PBXBuildFile; fileRef = DAC8153225CD06D5005B9B49 /* TaskListView.swift */; };
		DAC8153525CD06D9005B9B49 /* Assets.xcassets in Resources */ = {isa = PBXBuildFile; fileRef = DAC8153425CD06D9005B9B49 /* Assets.xcassets */; };
		DAC8153825CD06D9005B9B49 /* Preview Assets.xcassets in Resources */ = {isa = PBXBuildFile; fileRef = DAC8153725CD06D9005B9B49 /* Preview Assets.xcassets */; };
		DAC8154225CD0700005B9B49 /* TaskModel.swift in Sources */ = {isa = PBXBuildFile; fileRef = DAC8154125CD0700005B9B49 /* TaskModel.swift */; };
		DAC8155D25CEFB19005B9B49 /* TaskCellViewModel.swift in Sources */ = {isa = PBXBuildFile; fileRef = DAC8155C25CEFB19005B9B49 /* TaskCellViewModel.swift */; };
		DAC8156025CEFB3A005B9B49 /* TaskListViewModel.swift in Sources */ = {isa = PBXBuildFile; fileRef = DAC8155F25CEFB3A005B9B49 /* TaskListViewModel.swift */; };
		DAC8156425CFF36A005B9B49 /* GoogleService-Info.plist in Resources */ = {isa = PBXBuildFile; fileRef = DAC8156325CFF36A005B9B49 /* GoogleService-Info.plist */; };
/* End PBXBuildFile section */

/* Begin PBXFileReference section */
		2852F4C2BED03C574E679541 /* Pods-TodoManager.debug.xcconfig */ = {isa = PBXFileReference; includeInIndex = 1; lastKnownFileType = text.xcconfig; name = "Pods-TodoManager.debug.xcconfig"; path = "Target Support Files/Pods-TodoManager/Pods-TodoManager.debug.xcconfig"; sourceTree = "<group>"; };
		996BDF39D035A00D7780E971 /* Pods_TodoManager.framework */ = {isa = PBXFileReference; explicitFileType = wrapper.framework; includeInIndex = 0; path = Pods_TodoManager.framework; sourceTree = BUILT_PRODUCTS_DIR; };
		DAC8152D25CD06D5005B9B49 /* TodoManager.app */ = {isa = PBXFileReference; explicitFileType = wrapper.application; includeInIndex = 0; path = TodoManager.app; sourceTree = BUILT_PRODUCTS_DIR; };
		DAC8153025CD06D5005B9B49 /* TodoManagerApp.swift */ = {isa = PBXFileReference; lastKnownFileType = sourcecode.swift; path = TodoManagerApp.swift; sourceTree = "<group>"; };
		DAC8153225CD06D5005B9B49 /* TaskListView.swift */ = {isa = PBXFileReference; lastKnownFileType = sourcecode.swift; path = TaskListView.swift; sourceTree = "<group>"; };
		DAC8153425CD06D9005B9B49 /* Assets.xcassets */ = {isa = PBXFileReference; lastKnownFileType = folder.assetcatalog; path = Assets.xcassets; sourceTree = "<group>"; };
		DAC8153725CD06D9005B9B49 /* Preview Assets.xcassets */ = {isa = PBXFileReference; lastKnownFileType = folder.assetcatalog; path = "Preview Assets.xcassets"; sourceTree = "<group>"; };
		DAC8153925CD06D9005B9B49 /* Info.plist */ = {isa = PBXFileReference; lastKnownFileType = text.plist.xml; path = Info.plist; sourceTree = "<group>"; };
		DAC8154125CD0700005B9B49 /* TaskModel.swift */ = {isa = PBXFileReference; lastKnownFileType = sourcecode.swift; path = TaskModel.swift; sourceTree = "<group>"; };
		DAC8155C25CEFB19005B9B49 /* TaskCellViewModel.swift */ = {isa = PBXFileReference; lastKnownFileType = sourcecode.swift; path = TaskCellViewModel.swift; sourceTree = "<group>"; };
		DAC8155F25CEFB3A005B9B49 /* TaskListViewModel.swift */ = {isa = PBXFileReference; lastKnownFileType = sourcecode.swift; path = TaskListViewModel.swift; sourceTree = "<group>"; };
		DAC8156325CFF36A005B9B49 /* GoogleService-Info.plist */ = {isa = PBXFileReference; fileEncoding = 4; lastKnownFileType = text.plist.xml; path = "GoogleService-Info.plist"; sourceTree = "<group>"; };
		F9C7D655322DF1B013F008A2 /* Pods-TodoManager.release.xcconfig */ = {isa = PBXFileReference; includeInIndex = 1; lastKnownFileType = text.xcconfig; name = "Pods-TodoManager.release.xcconfig"; path = "Target Support Files/Pods-TodoManager/Pods-TodoManager.release.xcconfig"; sourceTree = "<group>"; };
/* End PBXFileReference section */

/* Begin PBXFrameworksBuildPhase section */
		DAC8152A25CD06D5005B9B49 /* Frameworks */ = {
			isa = PBXFrameworksBuildPhase;
			buildActionMask = 2147483647;
			files = (
				6A486E3E3500E3AE4A6F1C7A /* Pods_TodoManager.framework in Frameworks */,
			);
			runOnlyForDeploymentPostprocessing = 0;
		};
/* End PBXFrameworksBuildPhase section */

/* Begin PBXGroup section */
		0B4ABB9932B1E0082239E9F8 /* Frameworks */ = {
			isa = PBXGroup;
			children = (
				996BDF39D035A00D7780E971 /* Pods_TodoManager.framework */,
			);
			name = Frameworks;
			sourceTree = "<group>";
		};
		1A4529CE0E96375A63AF0BAF /* Pods */ = {
			isa = PBXGroup;
			children = (
				2852F4C2BED03C574E679541 /* Pods-TodoManager.debug.xcconfig */,
				F9C7D655322DF1B013F008A2 /* Pods-TodoManager.release.xcconfig */,
			);
			name = Pods;
			path = Pods;
			sourceTree = "<group>";
		};
		DAC8152425CD06D5005B9B49 = {
			isa = PBXGroup;
			children = (
				DAC8152F25CD06D5005B9B49 /* TodoManager */,
				DAC8152E25CD06D5005B9B49 /* Products */,
				1A4529CE0E96375A63AF0BAF /* Pods */,
				0B4ABB9932B1E0082239E9F8 /* Frameworks */,
			);
			sourceTree = "<group>";
		};
		DAC8152E25CD06D5005B9B49 /* Products */ = {
			isa = PBXGroup;
			children = (
				DAC8152D25CD06D5005B9B49 /* TodoManager.app */,
			);
			name = Products;
			sourceTree = "<group>";
		};
		DAC8152F25CD06D5005B9B49 /* TodoManager */ = {
			isa = PBXGroup;
			children = (
				DAC8154E25CE5291005B9B49 /* ViewModels */,
				DAC8154025CD06E3005B9B49 /* Models */,
				DAC8154825CD0998005B9B49 /* App */,
				DAC8154A25CD09A6005B9B49 /* Views */,
				DAC8153425CD06D9005B9B49 /* Assets.xcassets */,
				DAC8153925CD06D9005B9B49 /* Info.plist */,
				DAC8156325CFF36A005B9B49 /* GoogleService-Info.plist */,
				DAC8153625CD06D9005B9B49 /* Preview Content */,
			);
			path = TodoManager;
			sourceTree = "<group>";
		};
		DAC8153625CD06D9005B9B49 /* Preview Content */ = {
			isa = PBXGroup;
			children = (
				DAC8153725CD06D9005B9B49 /* Preview Assets.xcassets */,
			);
			path = "Preview Content";
			sourceTree = "<group>";
		};
		DAC8154025CD06E3005B9B49 /* Models */ = {
			isa = PBXGroup;
			children = (
				DAC8154125CD0700005B9B49 /* TaskModel.swift */,
			);
			path = Models;
			sourceTree = "<group>";
		};
		DAC8154825CD0998005B9B49 /* App */ = {
			isa = PBXGroup;
			children = (
				DAC8153025CD06D5005B9B49 /* TodoManagerApp.swift */,
			);
			path = App;
			sourceTree = "<group>";
		};
		DAC8154A25CD09A6005B9B49 /* Views */ = {
			isa = PBXGroup;
			children = (
				DAC8153225CD06D5005B9B49 /* TaskListView.swift */,
			);
			path = Views;
			sourceTree = "<group>";
		};
		DAC8154E25CE5291005B9B49 /* ViewModels */ = {
			isa = PBXGroup;
			children = (
				DAC8155F25CEFB3A005B9B49 /* TaskListViewModel.swift */,
				DAC8155C25CEFB19005B9B49 /* TaskCellViewModel.swift */,
			);
			path = ViewModels;
			sourceTree = "<group>";
		};
/* End PBXGroup section */

/* Begin PBXNativeTarget section */
		DAC8152C25CD06D5005B9B49 /* TodoManager */ = {
			isa = PBXNativeTarget;
			buildConfigurationList = DAC8153C25CD06D9005B9B49 /* Build configuration list for PBXNativeTarget "TodoManager" */;
			buildPhases = (
				D10595A8D04E31BA58CD778F /* [CP] Check Pods Manifest.lock */,
				DAC8152925CD06D5005B9B49 /* Sources */,
				DAC8152A25CD06D5005B9B49 /* Frameworks */,
				DAC8152B25CD06D5005B9B49 /* Resources */,
				714DA4EB4202DEE485A570C7 /* [CP] Embed Pods Frameworks */,
			);
			buildRules = (
			);
			dependencies = (
			);
			name = TodoManager;
			productName = TodoManager;
			productReference = DAC8152D25CD06D5005B9B49 /* TodoManager.app */;
			productType = "com.apple.product-type.application";
		};
/* End PBXNativeTarget section */

/* Begin PBXProject section */
		DAC8152525CD06D5005B9B49 /* Project object */ = {
			isa = PBXProject;
			attributes = {
				LastSwiftUpdateCheck = 1240;
				LastUpgradeCheck = 1240;
				TargetAttributes = {
					DAC8152C25CD06D5005B9B49 = {
						CreatedOnToolsVersion = 12.4;
					};
				};
			};
			buildConfigurationList = DAC8152825CD06D5005B9B49 /* Build configuration list for PBXProject "TodoManager" */;
			compatibilityVersion = "Xcode 9.3";
			developmentRegion = en;
			hasScannedForEncodings = 0;
			knownRegions = (
				en,
				Base,
			);
			mainGroup = DAC8152425CD06D5005B9B49;
			productRefGroup = DAC8152E25CD06D5005B9B49 /* Products */;
			projectDirPath = "";
			projectRoot = "";
			targets = (
				DAC8152C25CD06D5005B9B49 /* TodoManager */,
			);
		};
/* End PBXProject section */

/* Begin PBXResourcesBuildPhase section */
		DAC8152B25CD06D5005B9B49 /* Resources */ = {
			isa = PBXResourcesBuildPhase;
			buildActionMask = 2147483647;
			files = (
				DAC8153825CD06D9005B9B49 /* Preview Assets.xcassets in Resources */,
				DAC8153525CD06D9005B9B49 /* Assets.xcassets in Resources */,
				DAC8156425CFF36A005B9B49 /* GoogleService-Info.plist in Resources */,
			);
			runOnlyForDeploymentPostprocessing = 0;
		};
/* End PBXResourcesBuildPhase section */

/* Begin PBXShellScriptBuildPhase section */
		714DA4EB4202DEE485A570C7 /* [CP] Embed Pods Frameworks */ = {
			isa = PBXShellScriptBuildPhase;
			buildActionMask = 2147483647;
			files = (
			);
			inputFileListPaths = (
				"${PODS_ROOT}/Target Support Files/Pods-TodoManager/Pods-TodoManager-frameworks-${CONFIGURATION}-input-files.xcfilelist",
			);
			name = "[CP] Embed Pods Frameworks";
			outputFileListPaths = (
				"${PODS_ROOT}/Target Support Files/Pods-TodoManager/Pods-TodoManager-frameworks-${CONFIGURATION}-output-files.xcfilelist",
			);
			runOnlyForDeploymentPostprocessing = 0;
			shellPath = /bin/sh;
			shellScript = "\"${PODS_ROOT}/Target Support Files/Pods-TodoManager/Pods-TodoManager-frameworks.sh\"\n";
			showEnvVarsInLog = 0;
		};
		D10595A8D04E31BA58CD778F /* [CP] Check Pods Manifest.lock */ = {
			isa = PBXShellScriptBuildPhase;
			buildActionMask = 2147483647;
			files = (
			);
			inputFileListPaths = (
			);
			inputPaths = (
				"${PODS_PODFILE_DIR_PATH}/Podfile.lock",
				"${PODS_ROOT}/Manifest.lock",
			);
			name = "[CP] Check Pods Manifest.lock";
			outputFileListPaths = (
			);
			outputPaths = (
				"$(DERIVED_FILE_DIR)/Pods-TodoManager-checkManifestLockResult.txt",
			);
			runOnlyForDeploymentPostprocessing = 0;
			shellPath = /bin/sh;
			shellScript = "diff \"${PODS_PODFILE_DIR_PATH}/Podfile.lock\" \"${PODS_ROOT}/Manifest.lock\" > /dev/null\nif [ $? != 0 ] ; then\n    # print error to STDERR\n    echo \"error: The sandbox is not in sync with the Podfile.lock. Run 'pod install' or update your CocoaPods installation.\" >&2\n    exit 1\nfi\n# This output is used by Xcode 'outputs' to avoid re-running this script phase.\necho \"SUCCESS\" > \"${SCRIPT_OUTPUT_FILE_0}\"\n";
			showEnvVarsInLog = 0;
		};
/* End PBXShellScriptBuildPhase section */

/* Begin PBXSourcesBuildPhase section */
		DAC8152925CD06D5005B9B49 /* Sources */ = {
			isa = PBXSourcesBuildPhase;
			buildActionMask = 2147483647;
			files = (
				DAC8154225CD0700005B9B49 /* TaskModel.swift in Sources */,
				DAC8155D25CEFB19005B9B49 /* TaskCellViewModel.swift in Sources */,
				DAC8156025CEFB3A005B9B49 /* TaskListViewModel.swift in Sources */,
				DAC8153325CD06D5005B9B49 /* TaskListView.swift in Sources */,
				DAC8153125CD06D5005B9B49 /* TodoManagerApp.swift in Sources */,
			);
			runOnlyForDeploymentPostprocessing = 0;
		};
/* End PBXSourcesBuildPhase section */

/* Begin XCBuildConfiguration section */
		DAC8153A25CD06D9005B9B49 /* Debug */ = {
			isa = XCBuildConfiguration;
			buildSettings = {
				ALWAYS_SEARCH_USER_PATHS = NO;
				CLANG_ANALYZER_NONNULL = YES;
				CLANG_ANALYZER_NUMBER_OBJECT_CONVERSION = YES_AGGRESSIVE;
				CLANG_CXX_LANGUAGE_STANDARD = "gnu++14";
				CLANG_CXX_LIBRARY = "libc++";
				CLANG_ENABLE_MODULES = YES;
				CLANG_ENABLE_OBJC_ARC = YES;
				CLANG_ENABLE_OBJC_WEAK = YES;
				CLANG_WARN_BLOCK_CAPTURE_AUTORELEASING = YES;
				CLANG_WARN_BOOL_CONVERSION = YES;
				CLANG_WARN_COMMA = YES;
				CLANG_WARN_CONSTANT_CONVERSION = YES;
				CLANG_WARN_DEPRECATED_OBJC_IMPLEMENTATIONS = YES;
				CLANG_WARN_DIRECT_OBJC_ISA_USAGE = YES_ERROR;
				CLANG_WARN_DOCUMENTATION_COMMENTS = YES;
				CLANG_WARN_EMPTY_BODY = YES;
				CLANG_WARN_ENUM_CONVERSION = YES;
				CLANG_WARN_INFINITE_RECURSION = YES;
				CLANG_WARN_INT_CONVERSION = YES;
				CLANG_WARN_NON_LITERAL_NULL_CONVERSION = YES;
				CLANG_WARN_OBJC_IMPLICIT_RETAIN_SELF = YES;
				CLANG_WARN_OBJC_LITERAL_CONVERSION = YES;
				CLANG_WARN_OBJC_ROOT_CLASS = YES_ERROR;
				CLANG_WARN_QUOTED_INCLUDE_IN_FRAMEWORK_HEADER = YES;
				CLANG_WARN_RANGE_LOOP_ANALYSIS = YES;
				CLANG_WARN_STRICT_PROTOTYPES = YES;
				CLANG_WARN_SUSPICIOUS_MOVE = YES;
				CLANG_WARN_UNGUARDED_AVAILABILITY = YES_AGGRESSIVE;
				CLANG_WARN_UNREACHABLE_CODE = YES;
				CLANG_WARN__DUPLICATE_METHOD_MATCH = YES;
				COPY_PHASE_STRIP = NO;
				DEBUG_INFORMATION_FORMAT = dwarf;
				ENABLE_STRICT_OBJC_MSGSEND = YES;
				ENABLE_TESTABILITY = YES;
				GCC_C_LANGUAGE_STANDARD = gnu11;
				GCC_DYNAMIC_NO_PIC = NO;
				GCC_NO_COMMON_BLOCKS = YES;
				GCC_OPTIMIZATION_LEVEL = 0;
				GCC_PREPROCESSOR_DEFINITIONS = (
					"DEBUG=1",
					"$(inherited)",
				);
				GCC_WARN_64_TO_32_BIT_CONVERSION = YES;
				GCC_WARN_ABOUT_RETURN_TYPE = YES_ERROR;
				GCC_WARN_UNDECLARED_SELECTOR = YES;
				GCC_WARN_UNINITIALIZED_AUTOS = YES_AGGRESSIVE;
				GCC_WARN_UNUSED_FUNCTION = YES;
				GCC_WARN_UNUSED_VARIABLE = YES;
				IPHONEOS_DEPLOYMENT_TARGET = 14.4;
				MTL_ENABLE_DEBUG_INFO = INCLUDE_SOURCE;
				MTL_FAST_MATH = YES;
				ONLY_ACTIVE_ARCH = YES;
				SDKROOT = iphoneos;
				SWIFT_ACTIVE_COMPILATION_CONDITIONS = DEBUG;
				SWIFT_OPTIMIZATION_LEVEL = "-Onone";
			};
			name = Debug;
		};
		DAC8153B25CD06D9005B9B49 /* Release */ = {
			isa = XCBuildConfiguration;
			buildSettings = {
				ALWAYS_SEARCH_USER_PATHS = NO;
				CLANG_ANALYZER_NONNULL = YES;
				CLANG_ANALYZER_NUMBER_OBJECT_CONVERSION = YES_AGGRESSIVE;
				CLANG_CXX_LANGUAGE_STANDARD = "gnu++14";
				CLANG_CXX_LIBRARY = "libc++";
				CLANG_ENABLE_MODULES = YES;
				CLANG_ENABLE_OBJC_ARC = YES;
				CLANG_ENABLE_OBJC_WEAK = YES;
				CLANG_WARN_BLOCK_CAPTURE_AUTORELEASING = YES;
				CLANG_WARN_BOOL_CONVERSION = YES;
				CLANG_WARN_COMMA = YES;
				CLANG_WARN_CONSTANT_CONVERSION = YES;
				CLANG_WARN_DEPRECATED_OBJC_IMPLEMENTATIONS = YES;
				CLANG_WARN_DIRECT_OBJC_ISA_USAGE = YES_ERROR;
				CLANG_WARN_DOCUMENTATION_COMMENTS = YES;
				CLANG_WARN_EMPTY_BODY = YES;
				CLANG_WARN_ENUM_CONVERSION = YES;
				CLANG_WARN_INFINITE_RECURSION = YES;
				CLANG_WARN_INT_CONVERSION = YES;
				CLANG_WARN_NON_LITERAL_NULL_CONVERSION = YES;
				CLANG_WARN_OBJC_IMPLICIT_RETAIN_SELF = YES;
				CLANG_WARN_OBJC_LITERAL_CONVERSION = YES;
				CLANG_WARN_OBJC_ROOT_CLASS = YES_ERROR;
				CLANG_WARN_QUOTED_INCLUDE_IN_FRAMEWORK_HEADER = YES;
				CLANG_WARN_RANGE_LOOP_ANALYSIS = YES;
				CLANG_WARN_STRICT_PROTOTYPES = YES;
				CLANG_WARN_SUSPICIOUS_MOVE = YES;
				CLANG_WARN_UNGUARDED_AVAILABILITY = YES_AGGRESSIVE;
				CLANG_WARN_UNREACHABLE_CODE = YES;
				CLANG_WARN__DUPLICATE_METHOD_MATCH = YES;
				COPY_PHASE_STRIP = NO;
				DEBUG_INFORMATION_FORMAT = "dwarf-with-dsym";
				ENABLE_NS_ASSERTIONS = NO;
				ENABLE_STRICT_OBJC_MSGSEND = YES;
				GCC_C_LANGUAGE_STANDARD = gnu11;
				GCC_NO_COMMON_BLOCKS = YES;
				GCC_WARN_64_TO_32_BIT_CONVERSION = YES;
				GCC_WARN_ABOUT_RETURN_TYPE = YES_ERROR;
				GCC_WARN_UNDECLARED_SELECTOR = YES;
				GCC_WARN_UNINITIALIZED_AUTOS = YES_AGGRESSIVE;
				GCC_WARN_UNUSED_FUNCTION = YES;
				GCC_WARN_UNUSED_VARIABLE = YES;
				IPHONEOS_DEPLOYMENT_TARGET = 14.4;
				MTL_ENABLE_DEBUG_INFO = NO;
				MTL_FAST_MATH = YES;
				SDKROOT = iphoneos;
				SWIFT_COMPILATION_MODE = wholemodule;
				SWIFT_OPTIMIZATION_LEVEL = "-O";
				VALIDATE_PRODUCT = YES;
			};
			name = Release;
		};
		DAC8153D25CD06D9005B9B49 /* Debug */ = {
			isa = XCBuildConfiguration;
			baseConfigurationReference = 2852F4C2BED03C574E679541 /* Pods-TodoManager.debug.xcconfig */;
			buildSettings = {
				ASSETCATALOG_COMPILER_APPICON_NAME = AppIcon;
				ASSETCATALOG_COMPILER_GLOBAL_ACCENT_COLOR_NAME = AccentColor;
				CODE_SIGN_STYLE = Automatic;
				DEVELOPMENT_ASSET_PATHS = "\"TodoManager/Preview Content\"";
				DEVELOPMENT_TEAM = DK39TGYZR4;
				ENABLE_PREVIEWS = YES;
				INFOPLIST_FILE = TodoManager/Info.plist;
				IPHONEOS_DEPLOYMENT_TARGET = 14.0;
				LD_RUNPATH_SEARCH_PATHS = (
					"$(inherited)",
					"@executable_path/Frameworks",
				);
				PRODUCT_BUNDLE_IDENTIFIER = com.TodoManager.TodoManager;
				PRODUCT_NAME = "$(TARGET_NAME)";
				SWIFT_VERSION = 5.0;
				TARGETED_DEVICE_FAMILY = "1,2";
			};
			name = Debug;
		};
		DAC8153E25CD06D9005B9B49 /* Release */ = {
			isa = XCBuildConfiguration;
			baseConfigurationReference = F9C7D655322DF1B013F008A2 /* Pods-TodoManager.release.xcconfig */;
			buildSettings = {
				ASSETCATALOG_COMPILER_APPICON_NAME = AppIcon;
				ASSETCATALOG_COMPILER_GLOBAL_ACCENT_COLOR_NAME = AccentColor;
				CODE_SIGN_STYLE = Automatic;
				DEVELOPMENT_ASSET_PATHS = "\"TodoManager/Preview Content\"";
				DEVELOPMENT_TEAM = DK39TGYZR4;
				ENABLE_PREVIEWS = YES;
				INFOPLIST_FILE = TodoManager/Info.plist;
				IPHONEOS_DEPLOYMENT_TARGET = 14.0;
				LD_RUNPATH_SEARCH_PATHS = (
					"$(inherited)",
					"@executable_path/Frameworks",
				);
				PRODUCT_BUNDLE_IDENTIFIER = com.TodoManager.TodoManager;
				PRODUCT_NAME = "$(TARGET_NAME)";
				SWIFT_VERSION = 5.0;
				TARGETED_DEVICE_FAMILY = "1,2";
			};
			name = Release;
		};
/* End XCBuildConfiguration section */

/* Begin XCConfigurationList section */
		DAC8152825CD06D5005B9B49 /* Build configuration list for PBXProject "TodoManager" */ = {
			isa = XCConfigurationList;
			buildConfigurations = (
				DAC8153A25CD06D9005B9B49 /* Debug */,
				DAC8153B25CD06D9005B9B49 /* Release */,
			);
			defaultConfigurationIsVisible = 0;
			defaultConfigurationName = Release;
		};
		DAC8153C25CD06D9005B9B49 /* Build configuration list for PBXNativeTarget "TodoManager" */ = {
			isa = XCConfigurationList;
			buildConfigurations = (
				DAC8153D25CD06D9005B9B49 /* Debug */,
				DAC8153E25CD06D9005B9B49 /* Release */,
			);
			defaultConfigurationIsVisible = 0;
			defaultConfigurationName = Release;
		};
/* End XCConfigurationList section */
	};
	rootObject = DAC8152525CD06D5005B9B49 /* Project object */;
}
